github.com/nice-pink/goutil v0.0.17 h1:oDiX0qKz2O9x2s/pihGxBt6P0aEOVw0howrEUl+CWU8=
github.com/nice-pink/goutil v0.0.17/go.mod h1:Q1MmrAIuePSpgepKVLGVsyzeDHoTfaWbY44eZBdaB4w=
github.com/nice-pink/goutil v0.0.18 h1:BNuXna7qETQ3WyM2CZjMM0eNAmnkx8U1c4JJhjlNJ+I=
github.com/nice-pink/goutil v0.0.18/go.mod h1:Q1MmrAIuePSpgepKVLGVsyzeDHoTfaWbY44eZBdaB4w=
github.com/nice-pink/goutil v0.0.19 h1:tjWqAYU6rQLimpbCa7RWymt4lxAA+MmC2Rz592h9KMg=
github.com/nice-pink/goutil v0.0.19/go.mod h1:Q1MmrAIuePSpgepKVLGVsyzeDHoTfaWbY44eZBdaB4w=
github.com/nice-pink/goutil v0.0.20 h1:jY5/OFuCXtsWmZdP1IuqsDl2iimKZXL8KTHmgupwGVQ=
github.com/nice-pink/goutil v0.0.20/go.mod h1:Q1MmrAIuePSpgepKVLGVsyzeDHoTfaWbY44eZBdaB4w=
github.com/nice-pink/goutil v0.0.21 h1:08+xaILY4o4GRuXR7wBgNC/FWa5Gq+moI2VcJDCZK7Q=
github.com/nice-pink/goutil v0.0.21/go.mod h1:Q1MmrAIuePSpgepKVLGVsyzeDHoTfaWbY44eZBdaB4w=
