github.com/beorn7/perks v1.0.1 h1:VlbKKnNfV8bJzeqoa4cOKqO6bYr3WgKZxO8Z16+hsOM=
github.com/beorn7/perks v1.0.1/go.mod h1:G2ZrVWU2WbWT9wwq4/hrbKbnv/1ERSJQ0ibhJ6rlkpw=
github.com/cespare/xxhash/v2 v2.3.0 h1:UL815xU9SqsFlibzuggzjXhog7bL6oX9BbNZnL2UFvs=
github.com/cespare/xxhash/v2 v2.3.0/go.mod h1:VGX0DQ3Q6kWi7AoAeZDth3/j3BFtOZR5XLFGgcrjCOs=
github.com/davecgh/go-spew v1.1.0/go.mod h1:J7Y8YcW2NihsgmVo/mv3lAwl/skON4iLHjSsI+c5H38=
github.com/davecgh/go-spew v1.1.1 h1:vj9j/u1bqnvCEfJOwUhtlOARqs3+rkHYY13jYWTU97c=
github.com/davecgh/go-spew v1.1.1/go.mod h1:J7Y8YcW2NihsgmVo/mv3lAwl/skON4iLHjSsI+c5H38=
github.com/dustin/go-humanize v1.0.1 h1:GzkhY7T5VNhEkwH0PVJgjz+fX1rhBrR7pRT3mDkpeCY=
github.com/dustin/go-humanize v1.0.1/go.mod h1:Mu1zIs6XwVuF/gI1OepvI0qD18qycQx+mFykh5fBlto=
github.com/google/go-cmp v0.6.0 h1:ofyhxvXcZhMsU5ulbFiLKl/XBFqE1GSq7atu8tAmTRI=
github.com/google/go-cmp v0.6.0/go.mod h1:17dUlkBOakJ0+DkrSSNjCkIjxS6bF9zb3elmeNGIjoY=
github.com/google/gofuzz v1.0.0/go.mod h1:dBl0BpW6vV/+mYPU4Po3pmUjxk6FQPldtuIdl/M65Eg=
github.com/google/uuid v1.5.0 h1:1p67kYwdtXjb0gL0BPiP1Av9wiZPo5A8z2cWkTZ+eyU=
github.com/google/uuid v1.5.0/go.mod h1:TIyPZe4MgqvfeYDBFedMoGGpEw/LqOeaOT+nhxU+yHo=
github.com/json-iterator/go v1.1.12 h1:PV8peI4a0ysnczrg+LtxykD8LfKY9ML6u2jnxaEnrnM=
github.com/json-iterator/go v1.1.12/go.mod h1:e30LSqwooZae/UwlEbR2852Gd8hjQvJoHmT4TnhNGBo=
github.com/klauspost/compress v1.17.11 h1:In6xLpyWOi1+C7tXUUWv2ot1QvBjxevKAaI6IXrJmUc=
github.com/klauspost/compress v1.17.11/go.mod h1:pMDklpSncoRMuLFrf1W9Ss9KT+0rH90U12bZKk7uwG0=
github.com/klauspost/cpuid/v2 v2.0.1/go.mod h1:FInQzS24/EEf25PyTYn52gqo7WaD8xa0213Md/qVLRg=
github.com/klauspost/cpuid/v2 v2.2.6 h1:ndNyv040zDGIDh8thGkXYjnFtiN02M1PVVF+JE/48xc=
github.com/klauspost/cpuid/v2 v2.2.6/go.mod h1:Lcz8mBdAVJIBVzewtcLocK12l3Y+JytZYpaMropDUws=
github.com/kylelemons/godebug v1.1.0 h1:RPNrshWIDI6G2gRW9EHilWtl7Z6Sb1BR0xunSBf0SNc=
github.com/kylelemons/godebug v1.1.0/go.mod h1:9/0rRGxNHcop5bhtWyNeEfOS8JIWk580+fNqagV/RAw=
github.com/minio/md5-simd v1.1.2 h1:Gdi1DZK69+ZVMoNHRXJyNcxrMA4dSxoYHZSQbirFg34=
github.com/minio/md5-simd v1.1.2/go.mod h1:MzdKDxYpY2BT9XQFocsiZf/NKVtR7nkE4RoEpN+20RM=
github.com/minio/minio-go/v7 v7.0.66 h1:bnTOXOHjOqv/gcMuiVbN9o2ngRItvqE774dG9nq0Dzw=
github.com/minio/minio-go/v7 v7.0.66/go.mod h1:DHAgmyQEGdW3Cif0UooKOyrT3Vxs82zNdV6tkKhRtbs=
github.com/minio/sha256-simd v1.0.1 h1:6kaan5IFmwTNynnKKpDHe6FWHohJOHhCPchzK49dzMM=
github.com/minio/sha256-simd v1.0.1/go.mod h1:Pz6AKMiUdngCLpeTL/RJY1M9rUuPMYujV5xJjtbRSN8=
github.com/modern-go/concurrent v0.0.0-20180228061459-e0a39a4cb421/go.mod h1:6dJC0mAP4ikYIbvyc7fijjWJddQyLn8Ig3JB5CqoB9Q=
github.com/modern-go/concurrent v0.0.0-20180306012644-bacd9c7ef1dd h1:TRLaZ9cD/w8PVh93nsPXa1VrQ6jlwL5oN8l14QlcNfg=
github.com/modern-go/concurrent v0.0.0-20180306012644-bacd9c7ef1dd/go.mod h1:6dJC0mAP4ikYIbvyc7fijjWJddQyLn8Ig3JB5CqoB9Q=
github.com/modern-go/reflect2 v1.0.2 h1:xBagoLtFs94CBntxluKeaWgTMpvLxC4ur3nMaC9Gz0M=
github.com/modern-go/reflect2 v1.0.2/go.mod h1:yWuevngMOJpCy52FWWMvUC8ws7m/LJsjYzDa0/r8luk=
github.com/munnerz/goautoneg v0.0.0-20191010083416-a7dc8b61c822 h1:C3w9PqII01/Oq1c1nUAm88MOHcQC9l5mIlSMApZMrHA=
github.com/munnerz/goautoneg v0.0.0-20191010083416-a7dc8b61c822/go.mod h1:+n7T8mK8HuQTcFwEeznm/DIxMOiR9yIdICNftLE1DvQ=
github.com/nice-pink/audio-tool v0.0.2-0.20250416100753-e0b4ecea6fca h1:mgF3wToEuRTlpXbpSOMSaA/SOhPcCOk1F0FVFSZxe1s=
github.com/nice-pink/audio-tool v0.0.2-0.20250416100753-e0b4ecea6fca/go.mod h1:crpsQ1k6D3QHcT5vq7fRcUbMSzGK6sGPJICBjrZuhRc=
github.com/nice-pink/audio-tool v0.0.2-0.20250416102218-087a8aaaa7dd h1:wCG7oWfaugMVU6PobRg5idT3xDi4SwlW04YIxMQohFo=
github.com/nice-pink/audio-tool v0.0.2-0.20250416102218-087a8aaaa7dd/go.mod h1:crpsQ1k6D3QHcT5vq7fRcUbMSzGK6sGPJICBjrZuhRc=
github.com/nice-pink/audio-tool v0.0.2-0.20250416102609-defa1926008c h1:NA8gu195MMdH41nkhcOz0pVwwhdZD0Rpr4YR3kLiR8Q=
github.com/nice-pink/audio-tool v0.0.2-0.20250416102609-defa1926008c/go.mod h1:crpsQ1k6D3QHcT5vq7fRcUbMSzGK6sGPJICBjrZuhRc=
github.com/nice-pink/audio-tool v0.0.2-0.20250416102731-3a381c50c71c h1:K2Q6dI640ACKPYFxxePtjMeMXKAlsFC1UhJGRu00HEQ=
github.com/nice-pink/audio-tool v0.0.2-0.20250416102731-3a381c50c71c/go.mod h1:crpsQ1k6D3QHcT5vq7fRcUbMSzGK6sGPJICBjrZuhRc=
github.com/nice-pink/audio-tool v0.0.2-0.20250416114440-1c14b9c09307 h1:SLHGE5SUV4dOo1PkPOmN63P8asYeC3cXycxt3s6YRLI=
github.com/nice-pink/audio-tool v0.0.2-0.20250416114440-1c14b9c09307/go.mod h1:crpsQ1k6D3QHcT5vq7fRcUbMSzGK6sGPJICBjrZuhRc=
github.com/nice-pink/audio-tool v0.0.2-0.20250416121616-464206abc699 h1:txjIZgedUHQ1SCFjTB/QwtFKfOMIDf3KFoqsNNd9eQU=
github.com/nice-pink/audio-tool v0.0.2-0.20250416121616-464206abc699/go.mod h1:crpsQ1k6D3QHcT5vq7fRcUbMSzGK6sGPJICBjrZuhRc=
github.com/nice-pink/audio-tool v0.0.2-0.20250416125436-d089475e16b7 h1:irDF7kf5Puq7gjRLQl2NPXblNqOlo9T0axuql4cxSq4=
github.com/nice-pink/audio-tool v0.0.2-0.20250416125436-d089475e16b7/go.mod h1:crpsQ1k6D3QHcT5vq7fRcUbMSzGK6sGPJICBjrZuhRc=
github.com/nice-pink/audio-tool v0.0.2-0.20250416134701-19a18d8a07f2 h1:ldNK/d0pAT6aOiF/VYl2sy61ZSP1qqV0dCsj9kIsJoo=
github.com/nice-pink/audio-tool v0.0.2-0.20250416134701-19a18d8a07f2/go.mod h1:crpsQ1k6D3QHcT5vq7fRcUbMSzGK6sGPJICBjrZuhRc=
github.com/nice-pink/audio-tool v0.0.2-0.20250417082006-cd827a258452 h1:b6JYBYAwUnXBuQfrlZeSarjV8wEuIF4d97Ji2Q5o28I=
github.com/nice-pink/audio-tool v0.0.2-0.20250417082006-cd827a258452/go.mod h1:crpsQ1k6D3QHcT5vq7fRcUbMSzGK6sGPJICBjrZuhRc=
github.com/nice-pink/audio-tool v0.0.2-0.20250417114116-76a7bc81912b h1:/C09/pfidhocXQSCpvoNrKiDNiZ6N6zHTM9o1I4pbMI=
github.com/nice-pink/audio-tool v0.0.2-0.20250417114116-76a7bc81912b/go.mod h1:crpsQ1k6D3QHcT5vq7fRcUbMSzGK6sGPJICBjrZuhRc=
github.com/nice-pink/audio-tool v0.0.2-0.20250417120410-640b39031b47 h1:MfadxFq6Xv+Grz6tPIfZE2Z3KPPb3sit79LbMX7l+us=
github.com/nice-pink/audio-tool v0.0.2-0.20250417120410-640b39031b47/go.mod h1:crpsQ1k6D3QHcT5vq7fRcUbMSzGK6sGPJICBjrZuhRc=
github.com/nice-pink/audio-tool v0.0.2-0.20250418100355-130ef347051e h1:J6esVQNcDuoELccDbJSRHdTRtg3ZJpbKlQjrJuewN2E=
github.com/nice-pink/audio-tool v0.0.2-0.20250418100355-130ef347051e/go.mod h1:crpsQ1k6D3QHcT5vq7fRcUbMSzGK6sGPJICBjrZuhRc=
github.com/nice-pink/audio-tool v0.0.2-0.20250418102303-fd3f50b8acf0 h1:tAeMfB6ii+lcqceYb+YGKHvauLHEsXc9G9DTu6gDZbM=
github.com/nice-pink/audio-tool v0.0.2-0.20250418102303-fd3f50b8acf0/go.mod h1:crpsQ1k6D3QHcT5vq7fRcUbMSzGK6sGPJICBjrZuhRc=
github.com/nice-pink/audio-tool v0.0.2-0.20250418103224-860f62a087bc h1:fFgwLLblrRrkQgVA3HuqUKuHd1xJWLwLaVdMg3FoSNI=
github.com/nice-pink/audio-tool v0.0.2-0.20250418103224-860f62a087bc/go.mod h1:crpsQ1k6D3QHcT5vq7fRcUbMSzGK6sGPJICBjrZuhRc=
github.com/nice-pink/audio-tool v0.0.2-0.20250418103411-257c5863b6ff h1:MNMKqL5AkLq4KoRGT97rAqEz91hYnv9HiMguGGUmv6Y=
github.com/nice-pink/audio-tool v0.0.2-0.20250418103411-257c5863b6ff/go.mod h1:crpsQ1k6D3QHcT5vq7fRcUbMSzGK6sGPJICBjrZuhRc=
github.com/nice-pink/audio-tool v0.0.2-0.20250418104850-de0df820bc83 h1:GuIouLJNwfPGE8Y+SR0r07F/2We6TsBLXQuO8lVFaVg=
github.com/nice-pink/audio-tool v0.0.2-0.20250418104850-de0df820bc83/go.mod h1:crpsQ1k6D3QHcT5vq7fRcUbMSzGK6sGPJICBjrZuhRc=
github.com/nice-pink/audio-tool v0.0.2-0.20250418105215-1bf9787a4cdb h1:BsjkU4Qx/eNL1sMVIC+YRJ4Wyhl1l9hJPpiPuMAhh1Q=
github.com/nice-pink/audio-tool v0.0.2-0.20250418105215-1bf9787a4cdb/go.mod h1:crpsQ1k6D3QHcT5vq7fRcUbMSzGK6sGPJICBjrZuhRc=
github.com/nice-pink/audio-tool v0.0.2-0.20250418105335-dd9675bd1f58 h1:U2aN0Gv3fV+jwjr9tqK2UzQG8AHCViWvcc4V0s1HZVM=
github.com/nice-pink/audio-tool v0.0.2-0.20250418105335-dd9675bd1f58/go.mod h1:crpsQ1k6D3QHcT5vq7fRcUbMSzGK6sGPJICBjrZuhRc=
github.com/nice-pink/audio-tool v0.0.2-0.20250418111452-a806be340703 h1:JSaTDlHnaf2POkd8Qt6SaxCdSt3FkRTCyZhgkq8GdI8=
github.com/nice-pink/audio-tool v0.0.2-0.20250418111452-a806be340703/go.mod h1:crpsQ1k6D3QHcT5vq7fRcUbMSzGK6sGPJICBjrZuhRc=
github.com/nice-pink/audio-tool v0.0.2-0.20250418113111-60925bdc8a9f h1:QlLuWvlkVNdoSiVvd61hVAJL3rJ73/dHEO4VAIuzMoE=
github.com/nice-pink/audio-tool v0.0.2-0.20250418113111-60925bdc8a9f/go.mod h1:crpsQ1k6D3QHcT5vq7fRcUbMSzGK6sGPJICBjrZuhRc=
github.com/nice-pink/audio-tool v0.0.2-0.20250418113653-bcf06166080c h1:f7TLsuCyMUyAk4s1LLUsPAmbYjzSHI5b6xDoEGZfKwQ=
github.com/nice-pink/audio-tool v0.0.2-0.20250418113653-bcf06166080c/go.mod h1:crpsQ1k6D3QHcT5vq7fRcUbMSzGK6sGPJICBjrZuhRc=
github.com/nice-pink/audio-tool v0.0.2-0.20250418114006-d1c662e6df24 h1:iWoda0lQXtGfUbo0/THZwF73WI88Cg90b2Ag/uqAK3A=
github.com/nice-pink/audio-tool v0.0.2-0.20250418114006-d1c662e6df24/go.mod h1:crpsQ1k6D3QHcT5vq7fRcUbMSzGK6sGPJICBjrZuhRc=
github.com/nice-pink/audio-tool v0.0.2-0.20250418114511-045c58495594 h1:/CoNiJ/K4yz9xSeG0+xSvKSgY9p1HbdXb7+8xcyWHXU=
github.com/nice-pink/audio-tool v0.0.2-0.20250418114511-045c58495594/go.mod h1:crpsQ1k6D3QHcT5vq7fRcUbMSzGK6sGPJICBjrZuhRc=
github.com/nice-pink/audio-tool v0.0.2-0.20250418120610-a73d4060e6e2 h1:y8T5x3yPgBgJcrW05rcEy3LkYNVNuYQ//TI+ojFyLPo=
github.com/nice-pink/audio-tool v0.0.2-0.20250418120610-a73d4060e6e2/go.mod h1:crpsQ1k6D3QHcT5vq7fRcUbMSzGK6sGPJICBjrZuhRc=
github.com/nice-pink/audio-tool v0.0.2-0.20250418120934-9a3ee082ebb3 h1:j7CcWeVNThMClrpnbk98kJSGQWwdIUfkNSxLCcglX7g=
github.com/nice-pink/audio-tool v0.0.2-0.20250418120934-9a3ee082ebb3/go.mod h1:crpsQ1k6D3QHcT5vq7fRcUbMSzGK6sGPJICBjrZuhRc=
github.com/nice-pink/audio-tool v0.0.2-0.20250418125905-1e86b480dd01 h1:/i2eXocg7gpSqm/moExjmT+KeUkqTC0/YlNGW8tU798=
github.com/nice-pink/audio-tool v0.0.2-0.20250418125905-1e86b480dd01/go.mod h1:crpsQ1k6D3QHcT5vq7fRcUbMSzGK6sGPJICBjrZuhRc=
github.com/nice-pink/audio-tool v0.0.2-0.20250418130400-3190775b475b h1:ItBRJfquytOkOiE3R0eFjfWUaZNQ1fU8vSi0Z5TUDao=
github.com/nice-pink/audio-tool v0.0.2-0.20250418130400-3190775b475b/go.mod h1:crpsQ1k6D3QHcT5vq7fRcUbMSzGK6sGPJICBjrZuhRc=
github.com/nice-pink/audio-tool v0.0.2-0.20250418130843-b51569828eea h1:8a4RQ0n3gibj4janbBxq/BNma8/KHmme6JDOKbJvpRc=
github.com/nice-pink/audio-tool v0.0.2-0.20250418130843-b51569828eea/go.mod h1:crpsQ1k6D3QHcT5vq7fRcUbMSzGK6sGPJICBjrZuhRc=
github.com/nice-pink/audio-tool v0.0.2-0.20250418131053-fb800ae42d9b h1:1DWCZ9ROcGL8Ejmh3NEzIRKGpHC59JEYd+Zkg8CO2lU=
github.com/nice-pink/audio-tool v0.0.2-0.20250418131053-fb800ae42d9b/go.mod h1:crpsQ1k6D3QHcT5vq7fRcUbMSzGK6sGPJICBjrZuhRc=
github.com/nice-pink/audio-tool v0.0.2-0.20250418132405-b20ce94724ff h1:htO57PTu1rfEOqQ4hT+Iojj6errHK5+naN4+JlKHFZ0=
github.com/nice-pink/audio-tool v0.0.2-0.20250418132405-b20ce94724ff/go.mod h1:crpsQ1k6D3QHcT5vq7fRcUbMSzGK6sGPJICBjrZuhRc=
github.com/nice-pink/audio-tool v0.0.2-0.20250418171725-626695a9ba15 h1:YEfX7H6abbaApqiuMtGHg6cDT0q2ZkM0xi4dYPRvjC8=
github.com/nice-pink/audio-tool v0.0.2-0.20250418171725-626695a9ba15/go.mod h1:crpsQ1k6D3QHcT5vq7fRcUbMSzGK6sGPJICBjrZuhRc=
github.com/nice-pink/audio-tool v0.0.2-0.20250418171859-d2a8beaa17cc h1:IQRHjQS2m8kvx3LQ4ISDzgbkmBzeT8FYbN/u9FFm+a0=
github.com/nice-pink/audio-tool v0.0.2-0.20250418171859-d2a8beaa17cc/go.mod h1:crpsQ1k6D3QHcT5vq7fRcUbMSzGK6sGPJICBjrZuhRc=
github.com/nice-pink/audio-tool v0.0.2-0.20250418172426-2a7fea95787c h1:GcEbjkhQaXcRlOme4P/LU/ZXB3JvwM6IA/B0ROmLplA=
github.com/nice-pink/audio-tool v0.0.2-0.20250418172426-2a7fea95787c/go.mod h1:crpsQ1k6D3QHcT5vq7fRcUbMSzGK6sGPJICBjrZuhRc=
github.com/nice-pink/audio-tool v0.0.2-0.20250418183756-fb8a7e3e2528 h1:BammGBfnUTzpZ9kH+yFtfj0W05B0ifFqarICRwhedig=
github.com/nice-pink/audio-tool v0.0.2-0.20250418183756-fb8a7e3e2528/go.mod h1:crpsQ1k6D3QHcT5vq7fRcUbMSzGK6sGPJICBjrZuhRc=
github.com/nice-pink/audio-tool v0.0.2-0.20250419104308-28939de5be36 h1:VK/OA0cgt3J4kd90hImLb4Z9Kt1BZYIc8nF146Ve4AM=
github.com/nice-pink/audio-tool v0.0.2-0.20250419104308-28939de5be36/go.mod h1:crpsQ1k6D3QHcT5vq7fRcUbMSzGK6sGPJICBjrZuhRc=
github.com/nice-pink/audio-tool v0.0.2-0.20250419105336-ba04d7121a4c h1:g/iAJSJCculb2qGvgic9fTtuG2512Z4R6ZLGmKL9Wmw=
github.com/nice-pink/audio-tool v0.0.2-0.20250419105336-ba04d7121a4c/go.mod h1:crpsQ1k6D3QHcT5vq7fRcUbMSzGK6sGPJICBjrZuhRc=
github.com/nice-pink/goutil v0.3.9 h1:Q8w3epo6rbnH6FENrqDy/g1Yv/x+62jmNEgVUaYT/FI=
github.com/nice-pink/goutil v0.3.9/go.mod h1:9YMyl3vf6t4AJ6tlAHr2OKgunTG2DocOQqSDbKGnFe8=
github.com/pmezard/go-difflib v1.0.0 h1:4DBwDE0NGyQoBHbLQYPwSUPoCMWR5BEzIk/f1lZbAQM=
github.com/pmezard/go-difflib v1.0.0/go.mod h1:iKH77koFhYxTK1pcRnkKkqfTogsbg7gZNVY4sRDYZ/4=
github.com/prometheus/client_golang v1.21.1 h1:DOvXXTqVzvkIewV/CDPFdejpMCGeMcbGCQ8YOmu+Ibk=
github.com/prometheus/client_golang v1.21.1/go.mod h1:U9NM32ykUErtVBxdvD3zfi+EuFkkaBvMb09mIfe0Zgg=
github.com/prometheus/client_model v0.6.1 h1:ZKSh/rekM+n3CeS952MLRAdFwIKqeY8b62p8ais2e9E=
github.com/prometheus/client_model v0.6.1/go.mod h1:OrxVMOVHjw3lKMa8+x6HeMGkHMQyHDk9E3jmP2AmGiY=
github.com/prometheus/common v0.62.0 h1:xasJaQlnWAeyHdUBeGjXmutelfJHWMRr+Fg4QszZ2Io=
github.com/prometheus/common v0.62.0/go.mod h1:vyBcEuLSvWos9B1+CyL7JZ2up+uFzXhkqml0W5zIY1I=
github.com/prometheus/procfs v0.15.1 h1:YagwOFzUgYfKKHX6Dr+sHT7km/hxC76UB0learggepc=
github.com/prometheus/procfs v0.15.1/go.mod h1:fB45yRUv8NstnjriLhBQLuOUt+WW4BsoGhij/e3PBqk=
github.com/rs/xid v1.5.0 h1:mKX4bl4iPYJtEIxp6CYiUuLQ/8DYMoz0PUdtGgMFRVc=
github.com/rs/xid v1.5.0/go.mod h1:trrq9SKmegXys3aeAKXMUTdJsYXVwGY3RLcfgqegfbg=
github.com/sirupsen/logrus v1.9.3 h1:dueUQJ1C2q9oE3F7wvmSGAaVtTmUizReu6fjN8uqzbQ=
github.com/sirupsen/logrus v1.9.3/go.mod h1:naHLuLoDiP4jHNo9R0sCBMtWGeIprob74mVsIT4qYEQ=
github.com/stretchr/objx v0.1.0/go.mod h1:HFkY916IF+rwdDfMAkV7OtwuqBVzrE8GR6GFx+wExME=
github.com/stretchr/testify v1.3.0/go.mod h1:M5WIy9Dh21IEIfnGCwXGc5bZfKNJtfHm1UVUgZn+9EI=
github.com/stretchr/testify v1.7.0/go.mod h1:6Fq8oRcR53rry900zMqJjRRixrwX3KX962/h/Wwjteg=
github.com/stretchr/testify v1.10.0 h1:Xv5erBjTwe/5IxqUQTdXv5kgmIvbHo3QQyRwhJsOfJA=
github.com/stretchr/testify v1.10.0/go.mod h1:r2ic/lqez/lEtzL7wO/rwa5dbSLXVDPFyf8C91i36aY=
golang.org/x/crypto v0.31.0 h1:ihbySMvVjLAeSH1IbfcRTkD/iNscyz8rGzjF/E5hV6U=
golang.org/x/crypto v0.31.0/go.mod h1:kDsLvtWBEx7MV9tJOj9bnXsPbxwJQ6csT/x4KIN4Ssk=
golang.org/x/net v0.33.0 h1:74SYHlV8BIgHIFC/LrYkOGIwL19eTYXQ5wc6TBuO36I=
golang.org/x/net v0.33.0/go.mod h1:HXLR5J+9DxmrqMwG9qjGCxZ+zKXxBru04zlTvWlWuN4=
golang.org/x/sys v0.0.0-20220715151400-c0bba94af5f8/go.mod h1:oPkhp1MJrh7nUepCBck5+mAzfO9JrbApNNgaTdGDITg=
golang.org/x/sys v0.5.0/go.mod h1:oPkhp1MJrh7nUepCBck5+mAzfO9JrbApNNgaTdGDITg=
golang.org/x/sys v0.28.0 h1:Fksou7UEQUWlKvIdsqzJmUmCX3cZuD2+P3XyyzwMhlA=
golang.org/x/sys v0.28.0/go.mod h1:/VUhepiaJMQUp4+oa/7Zr1D23ma6VTLIYjOOTFZPUcA=
golang.org/x/text v0.21.0 h1:zyQAAkrwaneQ066sspRyJaG9VNi/YJ1NfzcGB3hZ/qo=
golang.org/x/text v0.21.0/go.mod h1:4IBbMaMmOPCJ8SecivzSH54+73PCFmPWxNTLm+vZkEQ=
google.golang.org/protobuf v1.36.1 h1:yBPeRvTftaleIgM3PZ/WBIZ7XM/eEYAaEyCwvyjq/gk=
google.golang.org/protobuf v1.36.1/go.mod h1:9fA7Ob0pmnwhb644+1+CVWFRbNajQ6iRojtC/QF5bRE=
gopkg.in/check.v1 v0.0.0-20161208181325-20d25e280405/go.mod h1:Co6ibVJAznAaIkqp8huTwlJQCZ016jof/cbN4VW5Yz0=
gopkg.in/ini.v1 v1.67.0 h1:Dgnx+6+nfE+IfzjUEISNeydPJh9AXNNsWbGP9KzCsOA=
gopkg.in/ini.v1 v1.67.0/go.mod h1:pNLf8WUiyNEtQjuu5G5vTm06TEv9tsIgeAvK8hOrP4k=
gopkg.in/yaml.v3 v3.0.0-20200313102051-9f266ea9e77c/go.mod h1:K4uyk7z7BCEPqu6E+C64Yfv1cQ7kz7rIZviUmN+EgEM=
gopkg.in/yaml.v3 v3.0.1 h1:fxVm/GzAzEWqLHuvctI91KS9hhNmmWOoWu0XTYJS7CA=
gopkg.in/yaml.v3 v3.0.1/go.mod h1:K4uyk7z7BCEPqu6E+C64Yfv1cQ7kz7rIZviUmN+EgEM=
